// !$*UTF8*$!
{
	archiveVersion = 1;
	classes = {
	};
	objectVersion = 50;
	objects = {

/* Begin PBXBuildFile section */
		6122A29D23324BF600EEA0C7 /* AppDelegate.swift in Sources */ = {isa = PBXBuildFile; fileRef = 6122A29C23324BF600EEA0C7 /* AppDelegate.swift */; };
		6122A29F23324BF600EEA0C7 /* ViewController.swift in Sources */ = {isa = PBXBuildFile; fileRef = 6122A29E23324BF600EEA0C7 /* ViewController.swift */; };
		6122A2A223324BF600EEA0C7 /* Main.storyboard in Resources */ = {isa = PBXBuildFile; fileRef = 6122A2A023324BF600EEA0C7 /* Main.storyboard */; };
		6122A2A523324BF600EEA0C7 /* CoreDataTry.xcdatamodeld in Sources */ = {isa = PBXBuildFile; fileRef = 6122A2A323324BF600EEA0C7 /* CoreDataTry.xcdatamodeld */; };
		6122A2A723324BF800EEA0C7 /* Assets.xcassets in Resources */ = {isa = PBXBuildFile; fileRef = 6122A2A623324BF800EEA0C7 /* Assets.xcassets */; };
		6122A2AA23324BF800EEA0C7 /* LaunchScreen.storyboard in Resources */ = {isa = PBXBuildFile; fileRef = 6122A2A823324BF800EEA0C7 /* LaunchScreen.storyboard */; };
		6122A2B2233257E000EEA0C7 /* PersistenceService.swift in Sources */ = {isa = PBXBuildFile; fileRef = 6122A2B1233257E000EEA0C7 /* PersistenceService.swift */; };
		6122A2B523326E3E00EEA0C7 /* Person+CoreDataClass.swift in Sources */ = {isa = PBXBuildFile; fileRef = 6122A2B323326E3E00EEA0C7 /* Person+CoreDataClass.swift */; };
		6122A2B623326E3E00EEA0C7 /* Person+CoreDataProperties.swift in Sources */ = {isa = PBXBuildFile; fileRef = 6122A2B423326E3E00EEA0C7 /* Person+CoreDataProperties.swift */; };
/* End PBXBuildFile section */

/* Begin PBXFileReference section */
		6122A29923324BF600EEA0C7 /* CoreDataTry.app */ = {isa = PBXFileReference; explicitFileType = wrapper.application; includeInIndex = 0; path = CoreDataTry.app; sourceTree = BUILT_PRODUCTS_DIR; };
		6122A29C23324BF600EEA0C7 /* AppDelegate.swift */ = {isa = PBXFileReference; lastKnownFileType = sourcecode.swift; path = AppDelegate.swift; sourceTree = "<group>"; };
		6122A29E23324BF600EEA0C7 /* ViewController.swift */ = {isa = PBXFileReference; lastKnownFileType = sourcecode.swift; path = ViewController.swift; sourceTree = "<group>"; };
		6122A2A123324BF600EEA0C7 /* Base */ = {isa = PBXFileReference; lastKnownFileType = file.storyboard; name = Base; path = Base.lproj/Main.storyboard; sourceTree = "<group>"; };
		6122A2A423324BF600EEA0C7 /* CoreDataTry.xcdatamodel */ = {isa = PBXFileReference; lastKnownFileType = wrapper.xcdatamodel; path = CoreDataTry.xcdatamodel; sourceTree = "<group>"; };
		6122A2A623324BF800EEA0C7 /* Assets.xcassets */ = {isa = PBXFileReference; lastKnownFileType = folder.assetcatalog; path = Assets.xcassets; sourceTree = "<group>"; };
		6122A2A923324BF800EEA0C7 /* Base */ = {isa = PBXFileReference; lastKnownFileType = file.storyboard; name = Base; path = Base.lproj/LaunchScreen.storyboard; sourceTree = "<group>"; };
		6122A2AB23324BF800EEA0C7 /* Info.plist */ = {isa = PBXFileReference; lastKnownFileType = text.plist.xml; path = Info.plist; sourceTree = "<group>"; };
		6122A2B1233257E000EEA0C7 /* PersistenceService.swift */ = {isa = PBXFileReference; lastKnownFileType = sourcecode.swift; path = PersistenceService.swift; sourceTree = "<group>"; };
		6122A2B323326E3E00EEA0C7 /* Person+CoreDataClass.swift */ = {isa = PBXFileReference; lastKnownFileType = sourcecode.swift; path = "Person+CoreDataClass.swift"; sourceTree = "<group>"; };
		6122A2B423326E3E00EEA0C7 /* Person+CoreDataProperties.swift */ = {isa = PBXFileReference; lastKnownFileType = sourcecode.swift; path = "Person+CoreDataProperties.swift"; sourceTree = "<group>"; };
/* End PBXFileReference section */

/* Begin PBXFrameworksBuildPhase section */
		6122A29623324BF600EEA0C7 /* Frameworks */ = {
			isa = PBXFrameworksBuildPhase;
			buildActionMask = 2147483647;
			files = (
			);
			runOnlyForDeploymentPostprocessing = 0;
		};
/* End PBXFrameworksBuildPhase section */

/* Begin PBXGroup section */
		6122A29023324BF600EEA0C7 = {
			isa = PBXGroup;
			children = (
				6122A29B23324BF600EEA0C7 /* CoreDataTry */,
				6122A29A23324BF600EEA0C7 /* Products */,
			);
			sourceTree = "<group>";
		};
		6122A29A23324BF600EEA0C7 /* Products */ = {
			isa = PBXGroup;
			children = (
				6122A29923324BF600EEA0C7 /* CoreDataTry.app */,
			);
			name = Products;
			sourceTree = "<group>";
		};
		6122A29B23324BF600EEA0C7 /* CoreDataTry */ = {
			isa = PBXGroup;
			children = (
				6122A2B323326E3E00EEA0C7 /* Person+CoreDataClass.swift */,
				6122A2B423326E3E00EEA0C7 /* Person+CoreDataProperties.swift */,
				6122A29C23324BF600EEA0C7 /* AppDelegate.swift */,
				6122A29E23324BF600EEA0C7 /* ViewController.swift */,
				6122A2B1233257E000EEA0C7 /* PersistenceService.swift */,
				6122A2A023324BF600EEA0C7 /* Main.storyboard */,
				6122A2A623324BF800EEA0C7 /* Assets.xcassets */,
				6122A2A823324BF800EEA0C7 /* LaunchScreen.storyboard */,
				6122A2AB23324BF800EEA0C7 /* Info.plist */,
				6122A2A323324BF600EEA0C7 /* CoreDataTry.xcdatamodeld */,
			);
			path = CoreDataTry;
			sourceTree = "<group>";
		};
/* End PBXGroup section */

/* Begin PBXNativeTarget section */
		6122A29823324BF600EEA0C7 /* CoreDataTry */ = {
			isa = PBXNativeTarget;
			buildConfigurationList = 6122A2AE23324BF800EEA0C7 /* Build configuration list for PBXNativeTarget "CoreDataTry" */;
			buildPhases = (
				6122A29523324BF600EEA0C7 /* Sources */,
				6122A29623324BF600EEA0C7 /* Frameworks */,
				6122A29723324BF600EEA0C7 /* Resources */,
			);
			buildRules = (
			);
			dependencies = (
			);
			name = CoreDataTry;
			productName = CoreDataTry;
			productReference = 6122A29923324BF600EEA0C7 /* CoreDataTry.app */;
			productType = "com.apple.product-type.application";
		};
/* End PBXNativeTarget section */

/* Begin PBXProject section */
		6122A29123324BF600EEA0C7 /* Project object */ = {
			isa = PBXProject;
			attributes = {
				LastSwiftUpdateCheck = 1020;
				LastUpgradeCheck = 1020;
				ORGANIZATIONNAME = "Днепров Данила";
				TargetAttributes = {
					6122A29823324BF600EEA0C7 = {
						CreatedOnToolsVersion = 10.2.1;
					};
				};
			};
			buildConfigurationList = 6122A29423324BF600EEA0C7 /* Build configuration list for PBXProject "CoreDataTry" */;
			compatibilityVersion = "Xcode 9.3";
			developmentRegion = en;
			hasScannedForEncodings = 0;
			knownRegions = (
				en,
				Base,
			);
			mainGroup = 6122A29023324BF600EEA0C7;
			productRefGroup = 6122A29A23324BF600EEA0C7 /* Products */;
			projectDirPath = "";
			projectRoot = "";
			targets = (
				6122A29823324BF600EEA0C7 /* CoreDataTry */,
			);
		};
/* End PBXProject section */

/* Begin PBXResourcesBuildPhase section */
		6122A29723324BF600EEA0C7 /* Resources */ = {
			isa = PBXResourcesBuildPhase;
			buildActionMask = 2147483647;
			files = (
				6122A2AA23324BF800EEA0C7 /* LaunchScreen.storyboard in Resources */,
				6122A2A723324BF800EEA0C7 /* Assets.xcassets in Resources */,
				6122A2A223324BF600EEA0C7 /* Main.storyboard in Resources */,
			);
			runOnlyForDeploymentPostprocessing = 0;
		};
/* End PBXResourcesBuildPhase section */

/* Begin PBXSourcesBuildPhase section */
		6122A29523324BF600EEA0C7 /* Sources */ = {
			isa = PBXSourcesBuildPhase;
			buildActionMask = 2147483647;
			files = (
				6122A29F23324BF600EEA0C7 /* ViewController.swift in Sources */,
				6122A2B2233257E000EEA0C7 /* PersistenceService.swift in Sources */,
				6122A2B623326E3E00EEA0C7 /* Person+CoreDataProperties.swift in Sources */,
				6122A2B523326E3E00EEA0C7 /* Person+CoreDataClass.swift in Sources */,
				6122A2A523324BF600EEA0C7 /* CoreDataTry.xcdatamodeld in Sources */,
				6122A29D23324BF600EEA0C7 /* AppDelegate.swift in Sources */,
			);
			runOnlyForDeploymentPostprocessing = 0;
		};
/* End PBXSourcesBuildPhase section */

/* Begin PBXVariantGroup section */
		6122A2A023324BF600EEA0C7 /* Main.storyboard */ = {
			isa = PBXVariantGroup;
			children = (
				6122A2A123324BF600EEA0C7 /* Base */,
			);
			name = Main.storyboard;
			sourceTree = "<group>";
		};
		6122A2A823324BF800EEA0C7 /* LaunchScreen.storyboard */ = {
			isa = PBXVariantGroup;
			children = (
				6122A2A923324BF800EEA0C7 /* Base */,
			);
			name = LaunchScreen.storyboard;
			sourceTree = "<group>";
		};
/* End PBXVariantGroup section */

/* Begin XCBuildConfiguration section */
		6122A2AC23324BF800EEA0C7 /* Debug */ = {
			isa = XCBuildConfiguration;
			buildSettings = {
				ALWAYS_SEARCH_USER_PATHS = NO;
				CLANG_ANALYZER_NONNULL = YES;
				CLANG_ANALYZER_NUMBER_OBJECT_CONVERSION = YES_AGGRESSIVE;
				CLANG_CXX_LANGUAGE_STANDARD = "gnu++14";
				CLANG_CXX_LIBRARY = "libc++";
				CLANG_ENABLE_MODULES = YES;
				CLANG_ENABLE_OBJC_ARC = YES;
				CLANG_ENABLE_OBJC_WEAK = YES;
				CLANG_WARN_BLOCK_CAPTURE_AUTORELEASING = YES;
				CLANG_WARN_BOOL_CONVERSION = YES;
				CLANG_WARN_COMMA = YES;
				CLANG_WARN_CONSTANT_CONVERSION = YES;
				CLANG_WARN_DEPRECATED_OBJC_IMPLEMENTATIONS = YES;
				CLANG_WARN_DIRECT_OBJC_ISA_USAGE = YES_ERROR;
				CLANG_WARN_DOCUMENTATION_COMMENTS = YES;
				CLANG_WARN_EMPTY_BODY = YES;
				CLANG_WARN_ENUM_CONVERSION = YES;
				CLANG_WARN_INFINITE_RECURSION = YES;
				CLANG_WARN_INT_CONVERSION = YES;
				CLANG_WARN_NON_LITERAL_NULL_CONVERSION = YES;
				CLANG_WARN_OBJC_IMPLICIT_RETAIN_SELF = YES;
				CLANG_WARN_OBJC_LITERAL_CONVERSION = YES;
				CLANG_WARN_OBJC_ROOT_CLASS = YES_ERROR;
				CLANG_WARN_RANGE_LOOP_ANALYSIS = YES;
				CLANG_WARN_STRICT_PROTOTYPES = YES;
				CLANG_WARN_SUSPICIOUS_MOVE = YES;
				CLANG_WARN_UNGUARDED_AVAILABILITY = YES_AGGRESSIVE;
				CLANG_WARN_UNREACHABLE_CODE = YES;
				CLANG_WARN__DUPLICATE_METHOD_MATCH = YES;
				CODE_SIGN_IDENTITY = "iPhone Developer";
				COPY_PHASE_STRIP = NO;
				DEBUG_INFORMATION_FORMAT = dwarf;
				ENABLE_STRICT_OBJC_MSGSEND = YES;
				ENABLE_TESTABILITY = YES;
				GCC_C_LANGUAGE_STANDARD = gnu11;
				GCC_DYNAMIC_NO_PIC = NO;
				GCC_NO_COMMON_BLOCKS = YES;
				GCC_OPTIMIZATION_LEVEL = 0;
				GCC_PREPROCESSOR_DEFINITIONS = (
					"DEBUG=1",
					"$(inherited)",
				);
				GCC_WARN_64_TO_32_BIT_CONVERSION = YES;
				GCC_WARN_ABOUT_RETURN_TYPE = YES_ERROR;
				GCC_WARN_UNDECLARED_SELECTOR = YES;
				GCC_WARN_UNINITIALIZED_AUTOS = YES_AGGRESSIVE;
				GCC_WARN_UNUSED_FUNCTION = YES;
				GCC_WARN_UNUSED_VARIABLE = YES;
				IPHONEOS_DEPLOYMENT_TARGET = 12.2;
				MTL_ENABLE_DEBUG_INFO = INCLUDE_SOURCE;
				MTL_FAST_MATH = YES;
				ONLY_ACTIVE_ARCH = YES;
				SDKROOT = iphoneos;
				SWIFT_ACTIVE_COMPILATION_CONDITIONS = DEBUG;
				SWIFT_OPTIMIZATION_LEVEL = "-Onone";
			};
			name = Debug;
		};
		6122A2AD23324BF800EEA0C7 /* Release */ = {
			isa = XCBuildConfiguration;
			buildSettings = {
				ALWAYS_SEARCH_USER_PATHS = NO;
				CLANG_ANALYZER_NONNULL = YES;
				CLANG_ANALYZER_NUMBER_OBJECT_CONVERSION = YES_AGGRESSIVE;
				CLANG_CXX_LANGUAGE_STANDARD = "gnu++14";
				CLANG_CXX_LIBRARY = "libc++";
				CLANG_ENABLE_MODULES = YES;
				CLANG_ENABLE_OBJC_ARC = YES;
				CLANG_ENABLE_OBJC_WEAK = YES;
				CLANG_WARN_BLOCK_CAPTURE_AUTORELEASING = YES;
				CLANG_WARN_BOOL_CONVERSION = YES;
				CLANG_WARN_COMMA = YES;
				CLANG_WARN_CONSTANT_CONVERSION = YES;
				CLANG_WARN_DEPRECATED_OBJC_IMPLEMENTATIONS = YES;
				CLANG_WARN_DIRECT_OBJC_ISA_USAGE = YES_ERROR;
				CLANG_WARN_DOCUMENTATION_COMMENTS = YES;
				CLANG_WARN_EMPTY_BODY = YES;
				CLANG_WARN_ENUM_CONVERSION = YES;
				CLANG_WARN_INFINITE_RECURSION = YES;
				CLANG_WARN_INT_CONVERSION = YES;
				CLANG_WARN_NON_LITERAL_NULL_CONVERSION = YES;
				CLANG_WARN_OBJC_IMPLICIT_RETAIN_SELF = YES;
				CLANG_WARN_OBJC_LITERAL_CONVERSION = YES;
				CLANG_WARN_OBJC_ROOT_CLASS = YES_ERROR;
				CLANG_WARN_RANGE_LOOP_ANALYSIS = YES;
				CLANG_WARN_STRICT_PROTOTYPES = YES;
				CLANG_WARN_SUSPICIOUS_MOVE = YES;
				CLANG_WARN_UNGUARDED_AVAILABILITY = YES_AGGRESSIVE;
				CLANG_WARN_UNREACHABLE_CODE = YES;
				CLANG_WARN__DUPLICATE_METHOD_MATCH = YES;
				CODE_SIGN_IDENTITY = "iPhone Developer";
				COPY_PHASE_STRIP = NO;
				DEBUG_INFORMATION_FORMAT = "dwarf-with-dsym";
				ENABLE_NS_ASSERTIONS = NO;
				ENABLE_STRICT_OBJC_MSGSEND = YES;
				GCC_C_LANGUAGE_STANDARD = gnu11;
				GCC_NO_COMMON_BLOCKS = YES;
				GCC_WARN_64_TO_32_BIT_CONVERSION = YES;
				GCC_WARN_ABOUT_RETURN_TYPE = YES_ERROR;
				GCC_WARN_UNDECLARED_SELECTOR = YES;
				GCC_WARN_UNINITIALIZED_AUTOS = YES_AGGRESSIVE;
				GCC_WARN_UNUSED_FUNCTION = YES;
				GCC_WARN_UNUSED_VARIABLE = YES;
				IPHONEOS_DEPLOYMENT_TARGET = 12.2;
				MTL_ENABLE_DEBUG_INFO = NO;
				MTL_FAST_MATH = YES;
				SDKROOT = iphoneos;
				SWIFT_COMPILATION_MODE = wholemodule;
				SWIFT_OPTIMIZATION_LEVEL = "-O";
				VALIDATE_PRODUCT = YES;
			};
			name = Release;
		};
		6122A2AF23324BF800EEA0C7 /* Debug */ = {
			isa = XCBuildConfiguration;
			buildSettings = {
				ASSETCATALOG_COMPILER_APPICON_NAME = AppIcon;
				CODE_SIGN_STYLE = Automatic;
				DEVELOPMENT_TEAM = 4Q7A7HNBLJ;
				INFOPLIST_FILE = CoreDataTry/Info.plist;
				LD_RUNPATH_SEARCH_PATHS = (
					"$(inherited)",
					"@executable_path/Frameworks",
				);
				PRODUCT_BUNDLE_IDENTIFIER = no.CoreDataTry;
				PRODUCT_NAME = "$(TARGET_NAME)";
				SWIFT_VERSION = 5.0;
				TARGETED_DEVICE_FAMILY = "1,2";
			};
			name = Debug;
		};
		6122A2B023324BF800EEA0C7 /* Release */ = {
			isa = XCBuildConfiguration;
			buildSettings = {
				ASSETCATALOG_COMPILER_APPICON_NAME = AppIcon;
				CODE_SIGN_STYLE = Automatic;
				DEVELOPMENT_TEAM = 4Q7A7HNBLJ;
				INFOPLIST_FILE = CoreDataTry/Info.plist;
				LD_RUNPATH_SEARCH_PATHS = (
					"$(inherited)",
					"@executable_path/Frameworks",
				);
				PRODUCT_BUNDLE_IDENTIFIER = no.CoreDataTry;
				PRODUCT_NAME = "$(TARGET_NAME)";
				SWIFT_VERSION = 5.0;
				TARGETED_DEVICE_FAMILY = "1,2";
			};
			name = Release;
		};
/* End XCBuildConfiguration section */

/* Begin XCConfigurationList section */
		6122A29423324BF600EEA0C7 /* Build configuration list for PBXProject "CoreDataTry" */ = {
			isa = XCConfigurationList;
			buildConfigurations = (
				6122A2AC23324BF800EEA0C7 /* Debug */,
				6122A2AD23324BF800EEA0C7 /* Release */,
			);
			defaultConfigurationIsVisible = 0;
			defaultConfigurationName = Release;
		};
		6122A2AE23324BF800EEA0C7 /* Build configuration list for PBXNativeTarget "CoreDataTry" */ = {
			isa = XCConfigurationList;
			buildConfigurations = (
				6122A2AF23324BF800EEA0C7 /* Debug */,
				6122A2B023324BF800EEA0C7 /* Release */,
			);
			defaultConfigurationIsVisible = 0;
			defaultConfigurationName = Release;
		};
/* End XCConfigurationList section */

/* Begin XCVersionGroup section */
		6122A2A323324BF600EEA0C7 /* CoreDataTry.xcdatamodeld */ = {
			isa = XCVersionGroup;
			children = (
				6122A2A423324BF600EEA0C7 /* CoreDataTry.xcdatamodel */,
			);
			currentVersion = 6122A2A423324BF600EEA0C7 /* CoreDataTry.xcdatamodel */;
			path = CoreDataTry.xcdatamodeld;
			sourceTree = "<group>";
			versionGroupType = wrapper.xcdatamodel;
		};
/* End XCVersionGroup section */
	};
	rootObject = 6122A29123324BF600EEA0C7 /* Project object */;
}
